
Microsoft Visual Studio Solution File, Format Version 12.00
# Visual Studio Version 17
VisualStudioVersion = 17.6.33723.286
MinimumVisualStudioVersion = 10.0.40219.1
Project("{FAE04EC0-301F-11D3-BF4B-00C04F79EFBC}") = "rtlog", "rtlog.csproj", "{FBA22D5A-B8C5-435B-80D8-2782E96011FD}"
EndProject
Global
	GlobalSection(SolutionConfigurationPlatforms) = preSolution
		Debug|Any CPU = Debug|Any CPU
		Release|Any CPU = Release|Any CPU
	EndGlobalSection
	GlobalSection(ProjectConfigurationPlatforms) = postSolution
		{FBA22D5A-B8C5-435B-80D8-2782E96011FD}.Debug|Any CPU.ActiveCfg = Debug|Any CPU
		{FBA22D5A-B8C5-435B-80D8-2782E96011FD}.Debug|Any CPU.Build.0 = Debug|Any CPU
		{FBA22D5A-B8C5-435B-80D8-2782E96011FD}.Release|Any CPU.ActiveCfg = Release|Any CPU
		{FBA22D5A-B8C5-435B-80D8-2782E96011FD}.Release|Any CPU.Build.0 = Release|Any CPU
	EndGlobalSection
	GlobalSection(SolutionProperties) = preSolution
		HideSolutionNode = FALSE
	EndGlobalSection
	GlobalSection(ExtensibilityGlobals) = postSolution
		SolutionGuid = {E38267BC-7153-4B63-A8CB-F5D9B90081E0}
	EndGlobalSection
EndGlobal
